
Microsoft Visual Studio Solution File, Format Version 12.00
# Visual Studio Version 17
VisualStudioVersion = 17.10.35027.167
MinimumVisualStudioVersion = 10.0.40219.1
Project("{FAE04EC0-301F-11D3-BF4B-00C04F79EFBC}") = "RpNames", "RpNames\RpNames.csproj", "{933D1405-5EB5-499C-A353-FFFAF9A26DE2}"
EndProject
Global
	GlobalSection(SolutionConfigurationPlatforms) = preSolution
		Debug|Any CPU = Debug|Any CPU
		Release|Any CPU = Release|Any CPU
	EndGlobalSection
	GlobalSection(ProjectConfigurationPlatforms) = postSolution
		{933D1405-5EB5-499C-A353-FFFAF9A26DE2}.Debug|Any CPU.ActiveCfg = Debug|Any CPU
		{933D1405-5EB5-499C-A353-FFFAF9A26DE2}.Debug|Any CPU.Build.0 = Debug|Any CPU
		{933D1405-5EB5-499C-A353-FFFAF9A26DE2}.Release|Any CPU.ActiveCfg = Release|Any CPU
		{933D1405-5EB5-499C-A353-FFFAF9A26DE2}.Release|Any CPU.Build.0 = Release|Any CPU
	EndGlobalSection
	GlobalSection(SolutionProperties) = preSolution
		HideSolutionNode = FALSE
	EndGlobalSection
	GlobalSection(ExtensibilityGlobals) = postSolution
		SolutionGuid = {3780686A-0323-4CC6-80DB-2D724B3980F1}
	EndGlobalSection
EndGlobal
